
Microsoft Visual Studio Solution File, Format Version 12.00
# Visual Studio Version 17
VisualStudioVersion = 17.4.33213.308
MinimumVisualStudioVersion = 10.0.40219.1
Project("{9A19103F-16F7-4668-BE54-9A1E7A4F7556}") = "01. Valid Usernames", "19.Text Processing - Exercise\01. Valid Usernames.csproj", "{67E92E3C-F4B0-4E70-9DD8-AC9E3F5A90EF}"
EndProject
Project("{9A19103F-16F7-4668-BE54-9A1E7A4F7556}") = "02. Character Multiplier", "02. Character Multiplier\02. Character Multiplier.csproj", "{1E608027-8D86-4C2C-9469-720EDA492E44}"
EndProject
Project("{9A19103F-16F7-4668-BE54-9A1E7A4F7556}") = "03. Extract File", "03. Extract File\03. Extract File.csproj", "{4C67333D-C3E5-4582-B5FE-8DAA80B72088}"
EndProject
Project("{9A19103F-16F7-4668-BE54-9A1E7A4F7556}") = "04. Caesar Cipher", "04. Caesar Cipher\04. Caesar Cipher.csproj", "{C1D6367E-AB03-4331-ABE1-70252C0DF5DC}"
EndProject
Project("{9A19103F-16F7-4668-BE54-9A1E7A4F7556}") = "05. Multiply Big Number", "05. Multiply Big Number\05. Multiply Big Number.csproj", "{D76F8794-0B07-4288-BC16-56B9106CA9F3}"
EndProject
Project("{9A19103F-16F7-4668-BE54-9A1E7A4F7556}") = "06. Replace Repeating Chars", "06. Replace Repeating Chars\06. Replace Repeating Chars.csproj", "{A5ACFCC7-FCB6-4351-A987-5794F024F98B}"
EndProject
Project("{9A19103F-16F7-4668-BE54-9A1E7A4F7556}") = "07. String Explosion", "07. String Explosion\07. String Explosion.csproj", "{1FC3B289-8307-48EA-A882-D708A780C969}"
EndProject
Project("{9A19103F-16F7-4668-BE54-9A1E7A4F7556}") = "08. Letters Change Numbers", "08. Letters Change Numbers\08. Letters Change Numbers.csproj", "{C1692499-0ABB-4F55-B9F0-A2DAF8CD67DB}"
EndProject
Project("{FAE04EC0-301F-11D3-BF4B-00C04F79EFBC}") = "Test1", "Test1\Test1.csproj", "{7724D49A-F5E2-4F1F-B1D3-51BCB488189E}"
EndProject
Project("{FAE04EC0-301F-11D3-BF4B-00C04F79EFBC}") = "Test3", "Test3\Test3.csproj", "{81445856-E11B-497B-83EB-D86461D51C3C}"
EndProject
Project("{FAE04EC0-301F-11D3-BF4B-00C04F79EFBC}") = "Test4", "Test4\Test4.csproj", "{A40AB9B5-2A45-455E-835B-9EF7801610C8}"
EndProject
Project("{FAE04EC0-301F-11D3-BF4B-00C04F79EFBC}") = "Test4.1", "Test4.1\Test4.1.csproj", "{A41D8C79-FE3C-403B-877A-C16245EEDF72}"
EndProject
Project("{FAE04EC0-301F-11D3-BF4B-00C04F79EFBC}") = "Test6", "Test6\Test6.csproj", "{C00C0B51-5FF3-4822-8CA6-687036536E03}"
EndProject
Project("{FAE04EC0-301F-11D3-BF4B-00C04F79EFBC}") = "Test7", "Test7\Test7.csproj", "{34080B07-581B-4DF5-868F-C865EBA89E32}"
EndProject
Project("{FAE04EC0-301F-11D3-BF4B-00C04F79EFBC}") = "Test2", "Test2\Test2.csproj", "{88A3B63E-BFAD-4D13-8BF5-1D79E51F7665}"
EndProject
Project("{FAE04EC0-301F-11D3-BF4B-00C04F79EFBC}") = "Test5", "Test5\Test5.csproj", "{4BC02D77-B9C2-4AC3-A0A4-4E2A4FADB675}"
EndProject
Global
	GlobalSection(SolutionConfigurationPlatforms) = preSolution
		Debug|Any CPU = Debug|Any CPU
		Release|Any CPU = Release|Any CPU
	EndGlobalSection
	GlobalSection(ProjectConfigurationPlatforms) = postSolution
		{67E92E3C-F4B0-4E70-9DD8-AC9E3F5A90EF}.Debug|Any CPU.ActiveCfg = Debug|Any CPU
		{67E92E3C-F4B0-4E70-9DD8-AC9E3F5A90EF}.Debug|Any CPU.Build.0 = Debug|Any CPU
		{67E92E3C-F4B0-4E70-9DD8-AC9E3F5A90EF}.Release|Any CPU.ActiveCfg = Release|Any CPU
		{67E92E3C-F4B0-4E70-9DD8-AC9E3F5A90EF}.Release|Any CPU.Build.0 = Release|Any CPU
		{1E608027-8D86-4C2C-9469-720EDA492E44}.Debug|Any CPU.ActiveCfg = Debug|Any CPU
		{1E608027-8D86-4C2C-9469-720EDA492E44}.Debug|Any CPU.Build.0 = Debug|Any CPU
		{1E608027-8D86-4C2C-9469-720EDA492E44}.Release|Any CPU.ActiveCfg = Release|Any CPU
		{1E608027-8D86-4C2C-9469-720EDA492E44}.Release|Any CPU.Build.0 = Release|Any CPU
		{4C67333D-C3E5-4582-B5FE-8DAA80B72088}.Debug|Any CPU.ActiveCfg = Debug|Any CPU
		{4C67333D-C3E5-4582-B5FE-8DAA80B72088}.Debug|Any CPU.Build.0 = Debug|Any CPU
		{4C67333D-C3E5-4582-B5FE-8DAA80B72088}.Release|Any CPU.ActiveCfg = Release|Any CPU
		{4C67333D-C3E5-4582-B5FE-8DAA80B72088}.Release|Any CPU.Build.0 = Release|Any CPU
		{C1D6367E-AB03-4331-ABE1-70252C0DF5DC}.Debug|Any CPU.ActiveCfg = Debug|Any CPU
		{C1D6367E-AB03-4331-ABE1-70252C0DF5DC}.Debug|Any CPU.Build.0 = Debug|Any CPU
		{C1D6367E-AB03-4331-ABE1-70252C0DF5DC}.Release|Any CPU.ActiveCfg = Release|Any CPU
		{C1D6367E-AB03-4331-ABE1-70252C0DF5DC}.Release|Any CPU.Build.0 = Release|Any CPU
		{D76F8794-0B07-4288-BC16-56B9106CA9F3}.Debug|Any CPU.ActiveCfg = Debug|Any CPU
		{D76F8794-0B07-4288-BC16-56B9106CA9F3}.Debug|Any CPU.Build.0 = Debug|Any CPU
		{D76F8794-0B07-4288-BC16-56B9106CA9F3}.Release|Any CPU.ActiveCfg = Release|Any CPU
		{D76F8794-0B07-4288-BC16-56B9106CA9F3}.Release|Any CPU.Build.0 = Release|Any CPU
		{A5ACFCC7-FCB6-4351-A987-5794F024F98B}.Debug|Any CPU.ActiveCfg = Debug|Any CPU
		{A5ACFCC7-FCB6-4351-A987-5794F024F98B}.Debug|Any CPU.Build.0 = Debug|Any CPU
		{A5ACFCC7-FCB6-4351-A987-5794F024F98B}.Release|Any CPU.ActiveCfg = Release|Any CPU
		{A5ACFCC7-FCB6-4351-A987-5794F024F98B}.Release|Any CPU.Build.0 = Release|Any CPU
		{1FC3B289-8307-48EA-A882-D708A780C969}.Debug|Any CPU.ActiveCfg = Debug|Any CPU
		{1FC3B289-8307-48EA-A882-D708A780C969}.Debug|Any CPU.Build.0 = Debug|Any CPU
		{1FC3B289-8307-48EA-A882-D708A780C969}.Release|Any CPU.ActiveCfg = Release|Any CPU
		{1FC3B289-8307-48EA-A882-D708A780C969}.Release|Any CPU.Build.0 = Release|Any CPU
		{C1692499-0ABB-4F55-B9F0-A2DAF8CD67DB}.Debug|Any CPU.ActiveCfg = Debug|Any CPU
		{C1692499-0ABB-4F55-B9F0-A2DAF8CD67DB}.Debug|Any CPU.Build.0 = Debug|Any CPU
		{C1692499-0ABB-4F55-B9F0-A2DAF8CD67DB}.Release|Any CPU.ActiveCfg = Release|Any CPU
		{C1692499-0ABB-4F55-B9F0-A2DAF8CD67DB}.Release|Any CPU.Build.0 = Release|Any CPU
		{7724D49A-F5E2-4F1F-B1D3-51BCB488189E}.Debug|Any CPU.ActiveCfg = Debug|Any CPU
		{7724D49A-F5E2-4F1F-B1D3-51BCB488189E}.Debug|Any CPU.Build.0 = Debug|Any CPU
		{7724D49A-F5E2-4F1F-B1D3-51BCB488189E}.Release|Any CPU.ActiveCfg = Release|Any CPU
		{7724D49A-F5E2-4F1F-B1D3-51BCB488189E}.Release|Any CPU.Build.0 = Release|Any CPU
		{81445856-E11B-497B-83EB-D86461D51C3C}.Debug|Any CPU.ActiveCfg = Debug|Any CPU
		{81445856-E11B-497B-83EB-D86461D51C3C}.Debug|Any CPU.Build.0 = Debug|Any CPU
		{81445856-E11B-497B-83EB-D86461D51C3C}.Release|Any CPU.ActiveCfg = Release|Any CPU
		{81445856-E11B-497B-83EB-D86461D51C3C}.Release|Any CPU.Build.0 = Release|Any CPU
		{A40AB9B5-2A45-455E-835B-9EF7801610C8}.Debug|Any CPU.ActiveCfg = Debug|Any CPU
		{A40AB9B5-2A45-455E-835B-9EF7801610C8}.Debug|Any CPU.Build.0 = Debug|Any CPU
		{A40AB9B5-2A45-455E-835B-9EF7801610C8}.Release|Any CPU.ActiveCfg = Release|Any CPU
		{A40AB9B5-2A45-455E-835B-9EF7801610C8}.Release|Any CPU.Build.0 = Release|Any CPU
		{A41D8C79-FE3C-403B-877A-C16245EEDF72}.Debug|Any CPU.ActiveCfg = Debug|Any CPU
		{A41D8C79-FE3C-403B-877A-C16245EEDF72}.Debug|Any CPU.Build.0 = Debug|Any CPU
		{A41D8C79-FE3C-403B-877A-C16245EEDF72}.Release|Any CPU.ActiveCfg = Release|Any CPU
		{A41D8C79-FE3C-403B-877A-C16245EEDF72}.Release|Any CPU.Build.0 = Release|Any CPU
		{C00C0B51-5FF3-4822-8CA6-687036536E03}.Debug|Any CPU.ActiveCfg = Debug|Any CPU
		{C00C0B51-5FF3-4822-8CA6-687036536E03}.Debug|Any CPU.Build.0 = Debug|Any CPU
		{C00C0B51-5FF3-4822-8CA6-687036536E03}.Release|Any CPU.ActiveCfg = Release|Any CPU
		{C00C0B51-5FF3-4822-8CA6-687036536E03}.Release|Any CPU.Build.0 = Release|Any CPU
		{34080B07-581B-4DF5-868F-C865EBA89E32}.Debug|Any CPU.ActiveCfg = Debug|Any CPU
		{34080B07-581B-4DF5-868F-C865EBA89E32}.Debug|Any CPU.Build.0 = Debug|Any CPU
		{34080B07-581B-4DF5-868F-C865EBA89E32}.Release|Any CPU.ActiveCfg = Release|Any CPU
		{34080B07-581B-4DF5-868F-C865EBA89E32}.Release|Any CPU.Build.0 = Release|Any CPU
		{88A3B63E-BFAD-4D13-8BF5-1D79E51F7665}.Debug|Any CPU.ActiveCfg = Debug|Any CPU
		{88A3B63E-BFAD-4D13-8BF5-1D79E51F7665}.Debug|Any CPU.Build.0 = Debug|Any CPU
		{88A3B63E-BFAD-4D13-8BF5-1D79E51F7665}.Release|Any CPU.ActiveCfg = Release|Any CPU
		{88A3B63E-BFAD-4D13-8BF5-1D79E51F7665}.Release|Any CPU.Build.0 = Release|Any CPU
		{4BC02D77-B9C2-4AC3-A0A4-4E2A4FADB675}.Debug|Any CPU.ActiveCfg = Debug|Any CPU
		{4BC02D77-B9C2-4AC3-A0A4-4E2A4FADB675}.Debug|Any CPU.Build.0 = Debug|Any CPU
		{4BC02D77-B9C2-4AC3-A0A4-4E2A4FADB675}.Release|Any CPU.ActiveCfg = Release|Any CPU
		{4BC02D77-B9C2-4AC3-A0A4-4E2A4FADB675}.Release|Any CPU.Build.0 = Release|Any CPU
	EndGlobalSection
	GlobalSection(SolutionProperties) = preSolution
		HideSolutionNode = FALSE
	EndGlobalSection
	GlobalSection(ExtensibilityGlobals) = postSolution
		SolutionGuid = {13987CAE-F795-4E78-A1C6-16FEB651BC6D}
	EndGlobalSection
EndGlobal
