
Microsoft Visual Studio Solution File, Format Version 12.00
# Visual Studio Version 17
VisualStudioVersion = 17.4.33205.214
MinimumVisualStudioVersion = 10.0.40219.1
Project("{9A19103F-16F7-4668-BE54-9A1E7A4F7556}") = "01.IntegerOperations", "1.IntegerOperations\01.IntegerOperations.csproj", "{9E201314-A108-48D0-8EFC-364566535B28}"
EndProject
Project("{9A19103F-16F7-4668-BE54-9A1E7A4F7556}") = "02.SumDigits", "02.SumDigits\02.SumDigits.csproj", "{DFE9328A-69DB-4483-878A-AEF40BEE9B6E}"
EndProject
Project("{9A19103F-16F7-4668-BE54-9A1E7A4F7556}") = "03.Elevator", "03.Elevator\03.Elevator.csproj", "{262AB2D5-BA1C-48B8-8EF9-2162FB491AF0}"
EndProject
Project("{9A19103F-16F7-4668-BE54-9A1E7A4F7556}") = "04.SumOfChars", "04.SumOfChars\04.SumOfChars.csproj", "{6663FA1C-4681-4070-A348-56E7A073313B}"
EndProject
Project("{9A19103F-16F7-4668-BE54-9A1E7A4F7556}") = "05.PrintPartOfASCIITable", "05.PrintPartOfASCIITable\05.PrintPartOfASCIITable.csproj", "{A1F1CCDF-D550-4343-8934-D0E0E6FF5E96}"
EndProject
Project("{9A19103F-16F7-4668-BE54-9A1E7A4F7556}") = "06.TriplesOfLatinLetters", "06.TriplesOfLatinLetters\06.TriplesOfLatinLetters.csproj", "{272D1C23-46A3-4DC1-88E6-157032CED330}"
EndProject
Project("{9A19103F-16F7-4668-BE54-9A1E7A4F7556}") = "07.WaterOverflow", "07.WaterOverflow\07.WaterOverflow.csproj", "{09145331-5B69-45CB-965C-0FE23AD02935}"
EndProject
Project("{9A19103F-16F7-4668-BE54-9A1E7A4F7556}") = "08.BeerKegs", "08.BeerKegs\08.BeerKegs.csproj", "{D52E8074-645A-4E00-90B4-302FD5A21319}"
EndProject
Project("{9A19103F-16F7-4668-BE54-9A1E7A4F7556}") = "09.SpiceMustFlow", "09.SpiceMustFlow\09.SpiceMustFlow.csproj", "{C37A8730-3AF6-4A9D-A401-9E2353937FC5}"
EndProject
Project("{9A19103F-16F7-4668-BE54-9A1E7A4F7556}") = "10.PokeMon", "10.PokeMon\10.PokeMon.csproj", "{491823A2-6549-4E09-93C3-9DF31A4EF670}"
EndProject
Project("{9A19103F-16F7-4668-BE54-9A1E7A4F7556}") = "11.Snowballs", "11.Snowballs\11.Snowballs.csproj", "{26D504C8-6DEF-47E9-AD2C-F659E56845B3}"
EndProject
Project("{FAE04EC0-301F-11D3-BF4B-00C04F79EFBC}") = "ConsoleApp1", "ConsoleApp1\ConsoleApp1.csproj", "{A5F2FDCB-7EEB-41ED-A533-F6DC90C6B1EC}"
EndProject
Project("{FAE04EC0-301F-11D3-BF4B-00C04F79EFBC}") = "ConsoleApp2 7.0", "ConsoleApp2 7.0\ConsoleApp2 7.0.csproj", "{5D9361F1-3A1E-4CCE-8397-D1909293800A}"
EndProject
Global
	GlobalSection(SolutionConfigurationPlatforms) = preSolution
		Debug|Any CPU = Debug|Any CPU
		Release|Any CPU = Release|Any CPU
	EndGlobalSection
	GlobalSection(ProjectConfigurationPlatforms) = postSolution
		{9E201314-A108-48D0-8EFC-364566535B28}.Debug|Any CPU.ActiveCfg = Debug|Any CPU
		{9E201314-A108-48D0-8EFC-364566535B28}.Debug|Any CPU.Build.0 = Debug|Any CPU
		{9E201314-A108-48D0-8EFC-364566535B28}.Release|Any CPU.ActiveCfg = Release|Any CPU
		{9E201314-A108-48D0-8EFC-364566535B28}.Release|Any CPU.Build.0 = Release|Any CPU
		{DFE9328A-69DB-4483-878A-AEF40BEE9B6E}.Debug|Any CPU.ActiveCfg = Debug|Any CPU
		{DFE9328A-69DB-4483-878A-AEF40BEE9B6E}.Debug|Any CPU.Build.0 = Debug|Any CPU
		{DFE9328A-69DB-4483-878A-AEF40BEE9B6E}.Release|Any CPU.ActiveCfg = Release|Any CPU
		{DFE9328A-69DB-4483-878A-AEF40BEE9B6E}.Release|Any CPU.Build.0 = Release|Any CPU
		{262AB2D5-BA1C-48B8-8EF9-2162FB491AF0}.Debug|Any CPU.ActiveCfg = Debug|Any CPU
		{262AB2D5-BA1C-48B8-8EF9-2162FB491AF0}.Debug|Any CPU.Build.0 = Debug|Any CPU
		{262AB2D5-BA1C-48B8-8EF9-2162FB491AF0}.Release|Any CPU.ActiveCfg = Release|Any CPU
		{262AB2D5-BA1C-48B8-8EF9-2162FB491AF0}.Release|Any CPU.Build.0 = Release|Any CPU
		{6663FA1C-4681-4070-A348-56E7A073313B}.Debug|Any CPU.ActiveCfg = Debug|Any CPU
		{6663FA1C-4681-4070-A348-56E7A073313B}.Debug|Any CPU.Build.0 = Debug|Any CPU
		{6663FA1C-4681-4070-A348-56E7A073313B}.Release|Any CPU.ActiveCfg = Release|Any CPU
		{6663FA1C-4681-4070-A348-56E7A073313B}.Release|Any CPU.Build.0 = Release|Any CPU
		{A1F1CCDF-D550-4343-8934-D0E0E6FF5E96}.Debug|Any CPU.ActiveCfg = Debug|Any CPU
		{A1F1CCDF-D550-4343-8934-D0E0E6FF5E96}.Debug|Any CPU.Build.0 = Debug|Any CPU
		{A1F1CCDF-D550-4343-8934-D0E0E6FF5E96}.Release|Any CPU.ActiveCfg = Release|Any CPU
		{A1F1CCDF-D550-4343-8934-D0E0E6FF5E96}.Release|Any CPU.Build.0 = Release|Any CPU
		{272D1C23-46A3-4DC1-88E6-157032CED330}.Debug|Any CPU.ActiveCfg = Debug|Any CPU
		{272D1C23-46A3-4DC1-88E6-157032CED330}.Debug|Any CPU.Build.0 = Debug|Any CPU
		{272D1C23-46A3-4DC1-88E6-157032CED330}.Release|Any CPU.ActiveCfg = Release|Any CPU
		{272D1C23-46A3-4DC1-88E6-157032CED330}.Release|Any CPU.Build.0 = Release|Any CPU
		{09145331-5B69-45CB-965C-0FE23AD02935}.Debug|Any CPU.ActiveCfg = Debug|Any CPU
		{09145331-5B69-45CB-965C-0FE23AD02935}.Debug|Any CPU.Build.0 = Debug|Any CPU
		{09145331-5B69-45CB-965C-0FE23AD02935}.Release|Any CPU.ActiveCfg = Release|Any CPU
		{09145331-5B69-45CB-965C-0FE23AD02935}.Release|Any CPU.Build.0 = Release|Any CPU
		{D52E8074-645A-4E00-90B4-302FD5A21319}.Debug|Any CPU.ActiveCfg = Debug|Any CPU
		{D52E8074-645A-4E00-90B4-302FD5A21319}.Debug|Any CPU.Build.0 = Debug|Any CPU
		{D52E8074-645A-4E00-90B4-302FD5A21319}.Release|Any CPU.ActiveCfg = Release|Any CPU
		{D52E8074-645A-4E00-90B4-302FD5A21319}.Release|Any CPU.Build.0 = Release|Any CPU
		{C37A8730-3AF6-4A9D-A401-9E2353937FC5}.Debug|Any CPU.ActiveCfg = Debug|Any CPU
		{C37A8730-3AF6-4A9D-A401-9E2353937FC5}.Debug|Any CPU.Build.0 = Debug|Any CPU
		{C37A8730-3AF6-4A9D-A401-9E2353937FC5}.Release|Any CPU.ActiveCfg = Release|Any CPU
		{C37A8730-3AF6-4A9D-A401-9E2353937FC5}.Release|Any CPU.Build.0 = Release|Any CPU
		{491823A2-6549-4E09-93C3-9DF31A4EF670}.Debug|Any CPU.ActiveCfg = Debug|Any CPU
		{491823A2-6549-4E09-93C3-9DF31A4EF670}.Debug|Any CPU.Build.0 = Debug|Any CPU
		{491823A2-6549-4E09-93C3-9DF31A4EF670}.Release|Any CPU.ActiveCfg = Release|Any CPU
		{491823A2-6549-4E09-93C3-9DF31A4EF670}.Release|Any CPU.Build.0 = Release|Any CPU
		{26D504C8-6DEF-47E9-AD2C-F659E56845B3}.Debug|Any CPU.ActiveCfg = Debug|Any CPU
		{26D504C8-6DEF-47E9-AD2C-F659E56845B3}.Debug|Any CPU.Build.0 = Debug|Any CPU
		{26D504C8-6DEF-47E9-AD2C-F659E56845B3}.Release|Any CPU.ActiveCfg = Release|Any CPU
		{26D504C8-6DEF-47E9-AD2C-F659E56845B3}.Release|Any CPU.Build.0 = Release|Any CPU
		{A5F2FDCB-7EEB-41ED-A533-F6DC90C6B1EC}.Debug|Any CPU.ActiveCfg = Debug|Any CPU
		{A5F2FDCB-7EEB-41ED-A533-F6DC90C6B1EC}.Debug|Any CPU.Build.0 = Debug|Any CPU
		{A5F2FDCB-7EEB-41ED-A533-F6DC90C6B1EC}.Release|Any CPU.ActiveCfg = Release|Any CPU
		{A5F2FDCB-7EEB-41ED-A533-F6DC90C6B1EC}.Release|Any CPU.Build.0 = Release|Any CPU
		{5D9361F1-3A1E-4CCE-8397-D1909293800A}.Debug|Any CPU.ActiveCfg = Debug|Any CPU
		{5D9361F1-3A1E-4CCE-8397-D1909293800A}.Debug|Any CPU.Build.0 = Debug|Any CPU
		{5D9361F1-3A1E-4CCE-8397-D1909293800A}.Release|Any CPU.ActiveCfg = Release|Any CPU
		{5D9361F1-3A1E-4CCE-8397-D1909293800A}.Release|Any CPU.Build.0 = Release|Any CPU
	EndGlobalSection
	GlobalSection(SolutionProperties) = preSolution
		HideSolutionNode = FALSE
	EndGlobalSection
	GlobalSection(ExtensibilityGlobals) = postSolution
		SolutionGuid = {C4E68423-A2BF-4919-9137-A381A15C5D41}
	EndGlobalSection
EndGlobal
