
Microsoft Visual Studio Solution File, Format Version 12.00
# Visual Studio Version 17
VisualStudioVersion = 17.4.33205.214
MinimumVisualStudioVersion = 10.0.40219.1
Project("{9A19103F-16F7-4668-BE54-9A1E7A4F7556}") = "01.SortNumbers", "01.3CSharp-Fundamentals-Intro-\01.SortNumbers.csproj", "{8BE20608-C27D-437C-A00B-8FC520A4CEB1}"
EndProject
Project("{FAE04EC0-301F-11D3-BF4B-00C04F79EFBC}") = "02.EnglishNameOfTheLastDigit", "02.EnglishNameOfTheLastDigit\02.EnglishNameOfTheLastDigit.csproj", "{9530B690-BBE2-40AE-9AB4-55E6D9DED832}"
EndProject
Project("{FAE04EC0-301F-11D3-BF4B-00C04F79EFBC}") = "04.ReverseString", "04.ReverseString\04.ReverseString.csproj", "{B43D53CB-9F06-43AF-9721-25AAB6D5AE57}"
EndProject
Project("{FAE04EC0-301F-11D3-BF4B-00C04F79EFBC}") = "03.GamingStore", "03.GamingStore\03.GamingStore.csproj", "{334DC011-EE32-4243-87B9-62E717E935D2}"
EndProject
Project("{FAE04EC0-301F-11D3-BF4B-00C04F79EFBC}") = "05.Messages", "05.Messages\05.Messages.csproj", "{7740FF01-8FFA-44E2-B047-32D8DDCCA7DA}"
EndProject
Global
	GlobalSection(SolutionConfigurationPlatforms) = preSolution
		Debug|Any CPU = Debug|Any CPU
		Release|Any CPU = Release|Any CPU
	EndGlobalSection
	GlobalSection(ProjectConfigurationPlatforms) = postSolution
		{8BE20608-C27D-437C-A00B-8FC520A4CEB1}.Debug|Any CPU.ActiveCfg = Debug|Any CPU
		{8BE20608-C27D-437C-A00B-8FC520A4CEB1}.Debug|Any CPU.Build.0 = Debug|Any CPU
		{8BE20608-C27D-437C-A00B-8FC520A4CEB1}.Release|Any CPU.ActiveCfg = Release|Any CPU
		{8BE20608-C27D-437C-A00B-8FC520A4CEB1}.Release|Any CPU.Build.0 = Release|Any CPU
		{9530B690-BBE2-40AE-9AB4-55E6D9DED832}.Debug|Any CPU.ActiveCfg = Debug|Any CPU
		{9530B690-BBE2-40AE-9AB4-55E6D9DED832}.Debug|Any CPU.Build.0 = Debug|Any CPU
		{9530B690-BBE2-40AE-9AB4-55E6D9DED832}.Release|Any CPU.ActiveCfg = Release|Any CPU
		{9530B690-BBE2-40AE-9AB4-55E6D9DED832}.Release|Any CPU.Build.0 = Release|Any CPU
		{B43D53CB-9F06-43AF-9721-25AAB6D5AE57}.Debug|Any CPU.ActiveCfg = Debug|Any CPU
		{B43D53CB-9F06-43AF-9721-25AAB6D5AE57}.Debug|Any CPU.Build.0 = Debug|Any CPU
		{B43D53CB-9F06-43AF-9721-25AAB6D5AE57}.Release|Any CPU.ActiveCfg = Release|Any CPU
		{B43D53CB-9F06-43AF-9721-25AAB6D5AE57}.Release|Any CPU.Build.0 = Release|Any CPU
		{334DC011-EE32-4243-87B9-62E717E935D2}.Debug|Any CPU.ActiveCfg = Debug|Any CPU
		{334DC011-EE32-4243-87B9-62E717E935D2}.Debug|Any CPU.Build.0 = Debug|Any CPU
		{334DC011-EE32-4243-87B9-62E717E935D2}.Release|Any CPU.ActiveCfg = Release|Any CPU
		{334DC011-EE32-4243-87B9-62E717E935D2}.Release|Any CPU.Build.0 = Release|Any CPU
		{7740FF01-8FFA-44E2-B047-32D8DDCCA7DA}.Debug|Any CPU.ActiveCfg = Debug|Any CPU
		{7740FF01-8FFA-44E2-B047-32D8DDCCA7DA}.Debug|Any CPU.Build.0 = Debug|Any CPU
		{7740FF01-8FFA-44E2-B047-32D8DDCCA7DA}.Release|Any CPU.ActiveCfg = Release|Any CPU
		{7740FF01-8FFA-44E2-B047-32D8DDCCA7DA}.Release|Any CPU.Build.0 = Release|Any CPU
	EndGlobalSection
	GlobalSection(SolutionProperties) = preSolution
		HideSolutionNode = FALSE
	EndGlobalSection
	GlobalSection(ExtensibilityGlobals) = postSolution
		SolutionGuid = {A10E4DD6-E7F8-43FC-BFF2-55DA0FF0FF3F}
	EndGlobalSection
EndGlobal
