
Microsoft Visual Studio Solution File, Format Version 12.00
# Visual Studio Version 17
VisualStudioVersion = 17.4.33205.214
MinimumVisualStudioVersion = 10.0.40219.1
Project("{9A19103F-16F7-4668-BE54-9A1E7A4F7556}") = "02.Division", "01.2.Basic Syntax,ConditionalStatements\02.Division.csproj", "{72A25B63-6D87-4F2F-81D4-688833A46258}"
EndProject
Project("{FAE04EC0-301F-11D3-BF4B-00C04F79EFBC}") = "01.Ages", "01.Ages\01.Ages.csproj", "{41864E3B-AFD6-4FF4-8C39-7A50435D50F9}"
EndProject
Project("{FAE04EC0-301F-11D3-BF4B-00C04F79EFBC}") = "03.Vacation", "03.Vacation\03.Vacation.csproj", "{DC8B5119-4B43-4A36-8854-2AF28B74D1A2}"
EndProject
Project("{FAE04EC0-301F-11D3-BF4B-00C04F79EFBC}") = "04.PrintAndSum", "04.PrintAndSum\04.PrintAndSum.csproj", "{B4BA3D81-DE6C-404C-AF5C-C2AAE36EE7D8}"
EndProject
Project("{FAE04EC0-301F-11D3-BF4B-00C04F79EFBC}") = "05.Login", "05.Login\05.Login.csproj", "{24B892A1-156C-41C9-835D-FCA02130D044}"
EndProject
Project("{FAE04EC0-301F-11D3-BF4B-00C04F79EFBC}") = "06.StrongNumber", "06.StrongNumber\06.StrongNumber.csproj", "{3802CEBF-94C4-41BE-A034-2ED6CBF624C4}"
EndProject
Project("{FAE04EC0-301F-11D3-BF4B-00C04F79EFBC}") = "07.VendingMachine", "07.VendingMachine\07.VendingMachine.csproj", "{AF9CA95E-810D-491B-A7F4-639861F68BA8}"
EndProject
Project("{FAE04EC0-301F-11D3-BF4B-00C04F79EFBC}") = "08.TriangleOfNumbers", "08.TriangleOfNumbers\08.TriangleOfNumbers.csproj", "{AC089485-51C3-409D-84EE-E4D5A263C5B4}"
EndProject
Project("{FAE04EC0-301F-11D3-BF4B-00C04F79EFBC}") = "09.PadawanEquipment", "09.PadawanEquipment\09.PadawanEquipment.csproj", "{B779A0CD-876D-4ADD-AB15-BAB15B3756E4}"
EndProject
Project("{FAE04EC0-301F-11D3-BF4B-00C04F79EFBC}") = "10.RageExpenses", "10.RageExpenses\10.RageExpenses.csproj", "{F9B0EA22-43DF-4229-9134-1CD701D62233}"
EndProject
Project("{FAE04EC0-301F-11D3-BF4B-00C04F79EFBC}") = "11.Orders", "11.Orders\11.Orders.csproj", "{5709C22D-37E9-4AA0-81BC-EA2F096A4477}"
EndProject
Global
	GlobalSection(SolutionConfigurationPlatforms) = preSolution
		Debug|Any CPU = Debug|Any CPU
		Release|Any CPU = Release|Any CPU
	EndGlobalSection
	GlobalSection(ProjectConfigurationPlatforms) = postSolution
		{72A25B63-6D87-4F2F-81D4-688833A46258}.Debug|Any CPU.ActiveCfg = Debug|Any CPU
		{72A25B63-6D87-4F2F-81D4-688833A46258}.Debug|Any CPU.Build.0 = Debug|Any CPU
		{72A25B63-6D87-4F2F-81D4-688833A46258}.Release|Any CPU.ActiveCfg = Release|Any CPU
		{72A25B63-6D87-4F2F-81D4-688833A46258}.Release|Any CPU.Build.0 = Release|Any CPU
		{41864E3B-AFD6-4FF4-8C39-7A50435D50F9}.Debug|Any CPU.ActiveCfg = Debug|Any CPU
		{41864E3B-AFD6-4FF4-8C39-7A50435D50F9}.Debug|Any CPU.Build.0 = Debug|Any CPU
		{41864E3B-AFD6-4FF4-8C39-7A50435D50F9}.Release|Any CPU.ActiveCfg = Release|Any CPU
		{41864E3B-AFD6-4FF4-8C39-7A50435D50F9}.Release|Any CPU.Build.0 = Release|Any CPU
		{DC8B5119-4B43-4A36-8854-2AF28B74D1A2}.Debug|Any CPU.ActiveCfg = Debug|Any CPU
		{DC8B5119-4B43-4A36-8854-2AF28B74D1A2}.Debug|Any CPU.Build.0 = Debug|Any CPU
		{DC8B5119-4B43-4A36-8854-2AF28B74D1A2}.Release|Any CPU.ActiveCfg = Release|Any CPU
		{DC8B5119-4B43-4A36-8854-2AF28B74D1A2}.Release|Any CPU.Build.0 = Release|Any CPU
		{B4BA3D81-DE6C-404C-AF5C-C2AAE36EE7D8}.Debug|Any CPU.ActiveCfg = Debug|Any CPU
		{B4BA3D81-DE6C-404C-AF5C-C2AAE36EE7D8}.Debug|Any CPU.Build.0 = Debug|Any CPU
		{B4BA3D81-DE6C-404C-AF5C-C2AAE36EE7D8}.Release|Any CPU.ActiveCfg = Release|Any CPU
		{B4BA3D81-DE6C-404C-AF5C-C2AAE36EE7D8}.Release|Any CPU.Build.0 = Release|Any CPU
		{24B892A1-156C-41C9-835D-FCA02130D044}.Debug|Any CPU.ActiveCfg = Debug|Any CPU
		{24B892A1-156C-41C9-835D-FCA02130D044}.Debug|Any CPU.Build.0 = Debug|Any CPU
		{24B892A1-156C-41C9-835D-FCA02130D044}.Release|Any CPU.ActiveCfg = Release|Any CPU
		{24B892A1-156C-41C9-835D-FCA02130D044}.Release|Any CPU.Build.0 = Release|Any CPU
		{3802CEBF-94C4-41BE-A034-2ED6CBF624C4}.Debug|Any CPU.ActiveCfg = Debug|Any CPU
		{3802CEBF-94C4-41BE-A034-2ED6CBF624C4}.Debug|Any CPU.Build.0 = Debug|Any CPU
		{3802CEBF-94C4-41BE-A034-2ED6CBF624C4}.Release|Any CPU.ActiveCfg = Release|Any CPU
		{3802CEBF-94C4-41BE-A034-2ED6CBF624C4}.Release|Any CPU.Build.0 = Release|Any CPU
		{AF9CA95E-810D-491B-A7F4-639861F68BA8}.Debug|Any CPU.ActiveCfg = Debug|Any CPU
		{AF9CA95E-810D-491B-A7F4-639861F68BA8}.Debug|Any CPU.Build.0 = Debug|Any CPU
		{AF9CA95E-810D-491B-A7F4-639861F68BA8}.Release|Any CPU.ActiveCfg = Release|Any CPU
		{AF9CA95E-810D-491B-A7F4-639861F68BA8}.Release|Any CPU.Build.0 = Release|Any CPU
		{AC089485-51C3-409D-84EE-E4D5A263C5B4}.Debug|Any CPU.ActiveCfg = Debug|Any CPU
		{AC089485-51C3-409D-84EE-E4D5A263C5B4}.Debug|Any CPU.Build.0 = Debug|Any CPU
		{AC089485-51C3-409D-84EE-E4D5A263C5B4}.Release|Any CPU.ActiveCfg = Release|Any CPU
		{AC089485-51C3-409D-84EE-E4D5A263C5B4}.Release|Any CPU.Build.0 = Release|Any CPU
		{B779A0CD-876D-4ADD-AB15-BAB15B3756E4}.Debug|Any CPU.ActiveCfg = Debug|Any CPU
		{B779A0CD-876D-4ADD-AB15-BAB15B3756E4}.Debug|Any CPU.Build.0 = Debug|Any CPU
		{B779A0CD-876D-4ADD-AB15-BAB15B3756E4}.Release|Any CPU.ActiveCfg = Release|Any CPU
		{B779A0CD-876D-4ADD-AB15-BAB15B3756E4}.Release|Any CPU.Build.0 = Release|Any CPU
		{F9B0EA22-43DF-4229-9134-1CD701D62233}.Debug|Any CPU.ActiveCfg = Debug|Any CPU
		{F9B0EA22-43DF-4229-9134-1CD701D62233}.Debug|Any CPU.Build.0 = Debug|Any CPU
		{F9B0EA22-43DF-4229-9134-1CD701D62233}.Release|Any CPU.ActiveCfg = Release|Any CPU
		{F9B0EA22-43DF-4229-9134-1CD701D62233}.Release|Any CPU.Build.0 = Release|Any CPU
		{5709C22D-37E9-4AA0-81BC-EA2F096A4477}.Debug|Any CPU.ActiveCfg = Debug|Any CPU
		{5709C22D-37E9-4AA0-81BC-EA2F096A4477}.Debug|Any CPU.Build.0 = Debug|Any CPU
		{5709C22D-37E9-4AA0-81BC-EA2F096A4477}.Release|Any CPU.ActiveCfg = Release|Any CPU
		{5709C22D-37E9-4AA0-81BC-EA2F096A4477}.Release|Any CPU.Build.0 = Release|Any CPU
	EndGlobalSection
	GlobalSection(SolutionProperties) = preSolution
		HideSolutionNode = FALSE
	EndGlobalSection
	GlobalSection(ExtensibilityGlobals) = postSolution
		SolutionGuid = {3D0749C1-B4F1-4FA1-AAFD-6AE61B2FC7E3}
	EndGlobalSection
EndGlobal
