
Microsoft Visual Studio Solution File, Format Version 12.00
# Visual Studio Version 17
VisualStudioVersion = 17.4.33213.308
MinimumVisualStudioVersion = 10.0.40219.1
Project("{FAE04EC0-301F-11D3-BF4B-00C04F79EFBC}") = "01. Advertisement Message", "15.Objects and Classes - Exercise\01. Advertisement Message.csproj", "{BBA61112-61B7-420D-AED1-0CA5B54C1884}"
EndProject
Project("{FAE04EC0-301F-11D3-BF4B-00C04F79EFBC}") = "05. Teamwork Projects", "05. Teamwork Projects\05. Teamwork Projects.csproj", "{566C857A-2A6D-4BF8-B4E1-C4D5F1FAC4A3}"
EndProject
Project("{FAE04EC0-301F-11D3-BF4B-00C04F79EFBC}") = "02. Articles", "02. Articles\02. Articles.csproj", "{9817E678-B82C-456D-AED0-6B1A34F59E45}"
EndProject
Project("{FAE04EC0-301F-11D3-BF4B-00C04F79EFBC}") = "03. Articles 2.0", "03. Articles 2.0\03. Articles 2.0.csproj", "{11CF64D4-5CCE-47BB-ABA0-69B546D8C07A}"
EndProject
Project("{FAE04EC0-301F-11D3-BF4B-00C04F79EFBC}") = "04. Students", "04. Students\04. Students.csproj", "{A2165A0B-1710-41FD-B4E9-B877EFFDFC76}"
EndProject
Project("{FAE04EC0-301F-11D3-BF4B-00C04F79EFBC}") = "06. Vehicle Catalogue", "06. Vehicle Catalogue\06. Vehicle Catalogue.csproj", "{FE226860-2D98-4F3B-9B4F-6F1311FBD0A5}"
EndProject
Project("{FAE04EC0-301F-11D3-BF4B-00C04F79EFBC}") = "07. Order by Age", "07. Order by Age\07. Order by Age.csproj", "{BF6212BB-D759-4158-9895-BB9D5212CE59}"
EndProject
Global
	GlobalSection(SolutionConfigurationPlatforms) = preSolution
		Debug|Any CPU = Debug|Any CPU
		Release|Any CPU = Release|Any CPU
	EndGlobalSection
	GlobalSection(ProjectConfigurationPlatforms) = postSolution
		{BBA61112-61B7-420D-AED1-0CA5B54C1884}.Debug|Any CPU.ActiveCfg = Debug|Any CPU
		{BBA61112-61B7-420D-AED1-0CA5B54C1884}.Debug|Any CPU.Build.0 = Debug|Any CPU
		{BBA61112-61B7-420D-AED1-0CA5B54C1884}.Release|Any CPU.ActiveCfg = Release|Any CPU
		{BBA61112-61B7-420D-AED1-0CA5B54C1884}.Release|Any CPU.Build.0 = Release|Any CPU
		{566C857A-2A6D-4BF8-B4E1-C4D5F1FAC4A3}.Debug|Any CPU.ActiveCfg = Debug|Any CPU
		{566C857A-2A6D-4BF8-B4E1-C4D5F1FAC4A3}.Debug|Any CPU.Build.0 = Debug|Any CPU
		{566C857A-2A6D-4BF8-B4E1-C4D5F1FAC4A3}.Release|Any CPU.ActiveCfg = Release|Any CPU
		{566C857A-2A6D-4BF8-B4E1-C4D5F1FAC4A3}.Release|Any CPU.Build.0 = Release|Any CPU
		{9817E678-B82C-456D-AED0-6B1A34F59E45}.Debug|Any CPU.ActiveCfg = Debug|Any CPU
		{9817E678-B82C-456D-AED0-6B1A34F59E45}.Debug|Any CPU.Build.0 = Debug|Any CPU
		{9817E678-B82C-456D-AED0-6B1A34F59E45}.Release|Any CPU.ActiveCfg = Release|Any CPU
		{9817E678-B82C-456D-AED0-6B1A34F59E45}.Release|Any CPU.Build.0 = Release|Any CPU
		{11CF64D4-5CCE-47BB-ABA0-69B546D8C07A}.Debug|Any CPU.ActiveCfg = Debug|Any CPU
		{11CF64D4-5CCE-47BB-ABA0-69B546D8C07A}.Debug|Any CPU.Build.0 = Debug|Any CPU
		{11CF64D4-5CCE-47BB-ABA0-69B546D8C07A}.Release|Any CPU.ActiveCfg = Release|Any CPU
		{11CF64D4-5CCE-47BB-ABA0-69B546D8C07A}.Release|Any CPU.Build.0 = Release|Any CPU
		{A2165A0B-1710-41FD-B4E9-B877EFFDFC76}.Debug|Any CPU.ActiveCfg = Debug|Any CPU
		{A2165A0B-1710-41FD-B4E9-B877EFFDFC76}.Debug|Any CPU.Build.0 = Debug|Any CPU
		{A2165A0B-1710-41FD-B4E9-B877EFFDFC76}.Release|Any CPU.ActiveCfg = Release|Any CPU
		{A2165A0B-1710-41FD-B4E9-B877EFFDFC76}.Release|Any CPU.Build.0 = Release|Any CPU
		{FE226860-2D98-4F3B-9B4F-6F1311FBD0A5}.Debug|Any CPU.ActiveCfg = Debug|Any CPU
		{FE226860-2D98-4F3B-9B4F-6F1311FBD0A5}.Debug|Any CPU.Build.0 = Debug|Any CPU
		{FE226860-2D98-4F3B-9B4F-6F1311FBD0A5}.Release|Any CPU.ActiveCfg = Release|Any CPU
		{FE226860-2D98-4F3B-9B4F-6F1311FBD0A5}.Release|Any CPU.Build.0 = Release|Any CPU
		{BF6212BB-D759-4158-9895-BB9D5212CE59}.Debug|Any CPU.ActiveCfg = Debug|Any CPU
		{BF6212BB-D759-4158-9895-BB9D5212CE59}.Debug|Any CPU.Build.0 = Debug|Any CPU
		{BF6212BB-D759-4158-9895-BB9D5212CE59}.Release|Any CPU.ActiveCfg = Release|Any CPU
		{BF6212BB-D759-4158-9895-BB9D5212CE59}.Release|Any CPU.Build.0 = Release|Any CPU
	EndGlobalSection
	GlobalSection(SolutionProperties) = preSolution
		HideSolutionNode = FALSE
	EndGlobalSection
	GlobalSection(ExtensibilityGlobals) = postSolution
		SolutionGuid = {6078320E-3A56-4899-883F-D8B4035567DC}
	EndGlobalSection
EndGlobal
