
Microsoft Visual Studio Solution File, Format Version 12.00
# Visual Studio Version 17
VisualStudioVersion = 17.4.33213.308
MinimumVisualStudioVersion = 10.0.40219.1
Project("{9A19103F-16F7-4668-BE54-9A1E7A4F7556}") = "01. Reverse Strings", "01. Reverse Strings\01. Reverse Strings.csproj", "{609633F4-EF14-41D6-9F52-E150F85A9529}"
EndProject
Project("{9A19103F-16F7-4668-BE54-9A1E7A4F7556}") = "02. Repeat Strings", "02. Repeat Strings\02. Repeat Strings.csproj", "{4D2DF383-7786-40B2-8BED-8C212A55C8E5}"
EndProject
Project("{9A19103F-16F7-4668-BE54-9A1E7A4F7556}") = "03. Substring", "03. Substring\03. Substring.csproj", "{40625FF0-EDC2-42C7-ACEC-7E15286D9B2E}"
EndProject
Project("{9A19103F-16F7-4668-BE54-9A1E7A4F7556}") = "04. Text Filter", "04. Text Filter\04. Text Filter.csproj", "{53FB762D-22C7-46F6-9905-B2A6BFA33665}"
EndProject
Project("{9A19103F-16F7-4668-BE54-9A1E7A4F7556}") = "05. Digits, Letters and Other", "05. Digits, Letters and Other\05. Digits, Letters and Other.csproj", "{C3C34C63-3813-4323-8C20-D1CA6F60934E}"
EndProject
Project("{9A19103F-16F7-4668-BE54-9A1E7A4F7556}") = "Example1", "Example1\Example1.csproj", "{6638BFA4-1091-4EAA-81CB-0183341A35CF}"
EndProject
Project("{9A19103F-16F7-4668-BE54-9A1E7A4F7556}") = "Example2", "Example 2\Example2.csproj", "{3E9BC71C-7E3E-49D1-9761-9370E29EFC3F}"
EndProject
Project("{9A19103F-16F7-4668-BE54-9A1E7A4F7556}") = "Example3", "Example3\Example3.csproj", "{10E43C61-CFFC-4B5A-85A7-BC354A54ACF6}"
EndProject
Project("{9A19103F-16F7-4668-BE54-9A1E7A4F7556}") = "Example4", "Example4\Example4.csproj", "{64EBE480-E7C5-486A-99A3-381CD42BA8EE}"
EndProject
Project("{9A19103F-16F7-4668-BE54-9A1E7A4F7556}") = "Example5", "Example5\Example5.csproj", "{7BCB9874-D242-45F9-B23B-885F2A47A8C9}"
EndProject
Project("{9A19103F-16F7-4668-BE54-9A1E7A4F7556}") = "Example6", "Example6\Example6.csproj", "{EA245320-8BC7-4F6E-AAA0-8E5834EECA8A}"
EndProject
Project("{9A19103F-16F7-4668-BE54-9A1E7A4F7556}") = "Test1", "Test1\Test1.csproj", "{5B1D2152-9F86-4F5C-8F6E-D532F36F6251}"
EndProject
Project("{9A19103F-16F7-4668-BE54-9A1E7A4F7556}") = "Test2", "Test2\Test2.csproj", "{DE5DE744-D990-4449-87CF-D4E22DC3805C}"
EndProject
Project("{FAE04EC0-301F-11D3-BF4B-00C04F79EFBC}") = "Test3", "Test3\Test3.csproj", "{B2B13A30-E649-44BB-8FF5-8C4A34E67ABD}"
EndProject
Project("{FAE04EC0-301F-11D3-BF4B-00C04F79EFBC}") = "Test4", "Test4\Test4.csproj", "{79043637-A1A3-488C-8FEF-A6A927393B9B}"
EndProject
Global
	GlobalSection(SolutionConfigurationPlatforms) = preSolution
		Debug|Any CPU = Debug|Any CPU
		Release|Any CPU = Release|Any CPU
	EndGlobalSection
	GlobalSection(ProjectConfigurationPlatforms) = postSolution
		{609633F4-EF14-41D6-9F52-E150F85A9529}.Debug|Any CPU.ActiveCfg = Debug|Any CPU
		{609633F4-EF14-41D6-9F52-E150F85A9529}.Debug|Any CPU.Build.0 = Debug|Any CPU
		{609633F4-EF14-41D6-9F52-E150F85A9529}.Release|Any CPU.ActiveCfg = Release|Any CPU
		{609633F4-EF14-41D6-9F52-E150F85A9529}.Release|Any CPU.Build.0 = Release|Any CPU
		{4D2DF383-7786-40B2-8BED-8C212A55C8E5}.Debug|Any CPU.ActiveCfg = Debug|Any CPU
		{4D2DF383-7786-40B2-8BED-8C212A55C8E5}.Debug|Any CPU.Build.0 = Debug|Any CPU
		{4D2DF383-7786-40B2-8BED-8C212A55C8E5}.Release|Any CPU.ActiveCfg = Release|Any CPU
		{4D2DF383-7786-40B2-8BED-8C212A55C8E5}.Release|Any CPU.Build.0 = Release|Any CPU
		{40625FF0-EDC2-42C7-ACEC-7E15286D9B2E}.Debug|Any CPU.ActiveCfg = Debug|Any CPU
		{40625FF0-EDC2-42C7-ACEC-7E15286D9B2E}.Debug|Any CPU.Build.0 = Debug|Any CPU
		{40625FF0-EDC2-42C7-ACEC-7E15286D9B2E}.Release|Any CPU.ActiveCfg = Release|Any CPU
		{40625FF0-EDC2-42C7-ACEC-7E15286D9B2E}.Release|Any CPU.Build.0 = Release|Any CPU
		{53FB762D-22C7-46F6-9905-B2A6BFA33665}.Debug|Any CPU.ActiveCfg = Debug|Any CPU
		{53FB762D-22C7-46F6-9905-B2A6BFA33665}.Debug|Any CPU.Build.0 = Debug|Any CPU
		{53FB762D-22C7-46F6-9905-B2A6BFA33665}.Release|Any CPU.ActiveCfg = Release|Any CPU
		{53FB762D-22C7-46F6-9905-B2A6BFA33665}.Release|Any CPU.Build.0 = Release|Any CPU
		{C3C34C63-3813-4323-8C20-D1CA6F60934E}.Debug|Any CPU.ActiveCfg = Debug|Any CPU
		{C3C34C63-3813-4323-8C20-D1CA6F60934E}.Debug|Any CPU.Build.0 = Debug|Any CPU
		{C3C34C63-3813-4323-8C20-D1CA6F60934E}.Release|Any CPU.ActiveCfg = Release|Any CPU
		{C3C34C63-3813-4323-8C20-D1CA6F60934E}.Release|Any CPU.Build.0 = Release|Any CPU
		{6638BFA4-1091-4EAA-81CB-0183341A35CF}.Debug|Any CPU.ActiveCfg = Debug|Any CPU
		{6638BFA4-1091-4EAA-81CB-0183341A35CF}.Debug|Any CPU.Build.0 = Debug|Any CPU
		{6638BFA4-1091-4EAA-81CB-0183341A35CF}.Release|Any CPU.ActiveCfg = Release|Any CPU
		{6638BFA4-1091-4EAA-81CB-0183341A35CF}.Release|Any CPU.Build.0 = Release|Any CPU
		{3E9BC71C-7E3E-49D1-9761-9370E29EFC3F}.Debug|Any CPU.ActiveCfg = Debug|Any CPU
		{3E9BC71C-7E3E-49D1-9761-9370E29EFC3F}.Debug|Any CPU.Build.0 = Debug|Any CPU
		{3E9BC71C-7E3E-49D1-9761-9370E29EFC3F}.Release|Any CPU.ActiveCfg = Release|Any CPU
		{3E9BC71C-7E3E-49D1-9761-9370E29EFC3F}.Release|Any CPU.Build.0 = Release|Any CPU
		{10E43C61-CFFC-4B5A-85A7-BC354A54ACF6}.Debug|Any CPU.ActiveCfg = Debug|Any CPU
		{10E43C61-CFFC-4B5A-85A7-BC354A54ACF6}.Debug|Any CPU.Build.0 = Debug|Any CPU
		{10E43C61-CFFC-4B5A-85A7-BC354A54ACF6}.Release|Any CPU.ActiveCfg = Release|Any CPU
		{10E43C61-CFFC-4B5A-85A7-BC354A54ACF6}.Release|Any CPU.Build.0 = Release|Any CPU
		{64EBE480-E7C5-486A-99A3-381CD42BA8EE}.Debug|Any CPU.ActiveCfg = Debug|Any CPU
		{64EBE480-E7C5-486A-99A3-381CD42BA8EE}.Debug|Any CPU.Build.0 = Debug|Any CPU
		{64EBE480-E7C5-486A-99A3-381CD42BA8EE}.Release|Any CPU.ActiveCfg = Release|Any CPU
		{64EBE480-E7C5-486A-99A3-381CD42BA8EE}.Release|Any CPU.Build.0 = Release|Any CPU
		{7BCB9874-D242-45F9-B23B-885F2A47A8C9}.Debug|Any CPU.ActiveCfg = Debug|Any CPU
		{7BCB9874-D242-45F9-B23B-885F2A47A8C9}.Debug|Any CPU.Build.0 = Debug|Any CPU
		{7BCB9874-D242-45F9-B23B-885F2A47A8C9}.Release|Any CPU.ActiveCfg = Release|Any CPU
		{7BCB9874-D242-45F9-B23B-885F2A47A8C9}.Release|Any CPU.Build.0 = Release|Any CPU
		{EA245320-8BC7-4F6E-AAA0-8E5834EECA8A}.Debug|Any CPU.ActiveCfg = Debug|Any CPU
		{EA245320-8BC7-4F6E-AAA0-8E5834EECA8A}.Debug|Any CPU.Build.0 = Debug|Any CPU
		{EA245320-8BC7-4F6E-AAA0-8E5834EECA8A}.Release|Any CPU.ActiveCfg = Release|Any CPU
		{EA245320-8BC7-4F6E-AAA0-8E5834EECA8A}.Release|Any CPU.Build.0 = Release|Any CPU
		{5B1D2152-9F86-4F5C-8F6E-D532F36F6251}.Debug|Any CPU.ActiveCfg = Debug|Any CPU
		{5B1D2152-9F86-4F5C-8F6E-D532F36F6251}.Debug|Any CPU.Build.0 = Debug|Any CPU
		{5B1D2152-9F86-4F5C-8F6E-D532F36F6251}.Release|Any CPU.ActiveCfg = Release|Any CPU
		{5B1D2152-9F86-4F5C-8F6E-D532F36F6251}.Release|Any CPU.Build.0 = Release|Any CPU
		{DE5DE744-D990-4449-87CF-D4E22DC3805C}.Debug|Any CPU.ActiveCfg = Debug|Any CPU
		{DE5DE744-D990-4449-87CF-D4E22DC3805C}.Debug|Any CPU.Build.0 = Debug|Any CPU
		{DE5DE744-D990-4449-87CF-D4E22DC3805C}.Release|Any CPU.ActiveCfg = Release|Any CPU
		{DE5DE744-D990-4449-87CF-D4E22DC3805C}.Release|Any CPU.Build.0 = Release|Any CPU
		{B2B13A30-E649-44BB-8FF5-8C4A34E67ABD}.Debug|Any CPU.ActiveCfg = Debug|Any CPU
		{B2B13A30-E649-44BB-8FF5-8C4A34E67ABD}.Debug|Any CPU.Build.0 = Debug|Any CPU
		{B2B13A30-E649-44BB-8FF5-8C4A34E67ABD}.Release|Any CPU.ActiveCfg = Release|Any CPU
		{B2B13A30-E649-44BB-8FF5-8C4A34E67ABD}.Release|Any CPU.Build.0 = Release|Any CPU
		{79043637-A1A3-488C-8FEF-A6A927393B9B}.Debug|Any CPU.ActiveCfg = Debug|Any CPU
		{79043637-A1A3-488C-8FEF-A6A927393B9B}.Debug|Any CPU.Build.0 = Debug|Any CPU
		{79043637-A1A3-488C-8FEF-A6A927393B9B}.Release|Any CPU.ActiveCfg = Release|Any CPU
		{79043637-A1A3-488C-8FEF-A6A927393B9B}.Release|Any CPU.Build.0 = Release|Any CPU
	EndGlobalSection
	GlobalSection(SolutionProperties) = preSolution
		HideSolutionNode = FALSE
	EndGlobalSection
	GlobalSection(ExtensibilityGlobals) = postSolution
		SolutionGuid = {1609C982-8D64-40A0-9BD0-1ADD0A0AFA41}
	EndGlobalSection
EndGlobal
