
Microsoft Visual Studio Solution File, Format Version 12.00
# Visual Studio Version 17
VisualStudioVersion = 17.4.33213.308
MinimumVisualStudioVersion = 10.0.40219.1
Project("{9A19103F-16F7-4668-BE54-9A1E7A4F7556}") = "11", "11.MethodsExsercise\11.csproj", "{8BE49E4D-AAEF-4DFB-A888-C0CBDC4C0F23}"
EndProject
Project("{FAE04EC0-301F-11D3-BF4B-00C04F79EFBC}") = "04.PasswordValidation", "04.PasswordValidation\04.PasswordValidation.csproj", "{152DC19D-4315-460D-94D5-51CA2B62F359}"
EndProject
Project("{FAE04EC0-301F-11D3-BF4B-00C04F79EFBC}") = "02.VowelsCount", "02.VowelsCount\02.VowelsCount.csproj", "{6DAE9FD1-B38E-457A-B8F3-E43C4DF1A9B2}"
EndProject
Global
	GlobalSection(SolutionConfigurationPlatforms) = preSolution
		Debug|Any CPU = Debug|Any CPU
		Release|Any CPU = Release|Any CPU
	EndGlobalSection
	GlobalSection(ProjectConfigurationPlatforms) = postSolution
		{8BE49E4D-AAEF-4DFB-A888-C0CBDC4C0F23}.Debug|Any CPU.ActiveCfg = Debug|Any CPU
		{8BE49E4D-AAEF-4DFB-A888-C0CBDC4C0F23}.Debug|Any CPU.Build.0 = Debug|Any CPU
		{8BE49E4D-AAEF-4DFB-A888-C0CBDC4C0F23}.Release|Any CPU.ActiveCfg = Release|Any CPU
		{8BE49E4D-AAEF-4DFB-A888-C0CBDC4C0F23}.Release|Any CPU.Build.0 = Release|Any CPU
		{152DC19D-4315-460D-94D5-51CA2B62F359}.Debug|Any CPU.ActiveCfg = Debug|Any CPU
		{152DC19D-4315-460D-94D5-51CA2B62F359}.Debug|Any CPU.Build.0 = Debug|Any CPU
		{152DC19D-4315-460D-94D5-51CA2B62F359}.Release|Any CPU.ActiveCfg = Release|Any CPU
		{152DC19D-4315-460D-94D5-51CA2B62F359}.Release|Any CPU.Build.0 = Release|Any CPU
		{6DAE9FD1-B38E-457A-B8F3-E43C4DF1A9B2}.Debug|Any CPU.ActiveCfg = Debug|Any CPU
		{6DAE9FD1-B38E-457A-B8F3-E43C4DF1A9B2}.Debug|Any CPU.Build.0 = Debug|Any CPU
		{6DAE9FD1-B38E-457A-B8F3-E43C4DF1A9B2}.Release|Any CPU.ActiveCfg = Release|Any CPU
		{6DAE9FD1-B38E-457A-B8F3-E43C4DF1A9B2}.Release|Any CPU.Build.0 = Release|Any CPU
	EndGlobalSection
	GlobalSection(SolutionProperties) = preSolution
		HideSolutionNode = FALSE
	EndGlobalSection
	GlobalSection(ExtensibilityGlobals) = postSolution
		SolutionGuid = {0B6F36C4-5FBA-4BD2-805E-469EE2E60A7B}
	EndGlobalSection
EndGlobal
