
Microsoft Visual Studio Solution File, Format Version 12.00
# Visual Studio Version 17
VisualStudioVersion = 17.4.33205.214
MinimumVisualStudioVersion = 10.0.40219.1
Project("{9A19103F-16F7-4668-BE54-9A1E7A4F7556}") = "01.ConvertMetersToKilometers", "DataTypesAndVariables-Lab\01.ConvertMetersToKilometers.csproj", "{36B23947-FDCA-4038-BE45-EE5141F99527}"
EndProject
Project("{9A19103F-16F7-4668-BE54-9A1E7A4F7556}") = "02.PoundsToDollars", "02.PoundsToDollars\02.PoundsToDollars.csproj", "{3F8D5B2D-E138-47FF-95DF-CB6C7AB7953E}"
EndProject
Project("{9A19103F-16F7-4668-BE54-9A1E7A4F7556}") = "03.ExactSumOfRealNumbers", "03.ExactSumOfRealNumbers\03.ExactSumOfRealNumbers.csproj", "{59E4BBFE-0BC9-4BE0-8C8A-597378AF213C}"
EndProject
Project("{9A19103F-16F7-4668-BE54-9A1E7A4F7556}") = "04.CenturiesToMinutes", "04.CenturiesToMinutes\04.CenturiesToMinutes.csproj", "{D1A47ECE-C569-42F8-9E0E-AB1EDB746619}"
EndProject
Project("{9A19103F-16F7-4668-BE54-9A1E7A4F7556}") = "05.SpecialNumbers", "05.SpecialNumbers\05.SpecialNumbers.csproj", "{63070C10-0752-49BC-9A1F-F9333CB432CF}"
EndProject
Project("{9A19103F-16F7-4668-BE54-9A1E7A4F7556}") = "06.ReversedChars", "06.ReversedChars\06.ReversedChars.csproj", "{424DB51B-CD9A-4BDD-81D2-3C05AEEC8A10}"
EndProject
Project("{9A19103F-16F7-4668-BE54-9A1E7A4F7556}") = "07.ConcatNames", "07.ConcatNames\07.ConcatNames.csproj", "{A206F238-74FE-46B9-8DA9-C7A3F38C3537}"
EndProject
Project("{9A19103F-16F7-4668-BE54-9A1E7A4F7556}") = "08.TownInfo", "08.TownInfo\08.TownInfo.csproj", "{AFB192E9-1E8C-4E2D-8329-1475ED1107F4}"
EndProject
Project("{9A19103F-16F7-4668-BE54-9A1E7A4F7556}") = "09.CharsToString", "09.CharsToString\09.CharsToString.csproj", "{DE6C33D6-D0BD-4667-8B20-D424007A63C3}"
EndProject
Project("{9A19103F-16F7-4668-BE54-9A1E7A4F7556}") = "10.LowerOrUpper", "10.LowerOrUpper\10.LowerOrUpper.csproj", "{D0CE8034-E148-4B37-AC8C-4886A93DFCB2}"
EndProject
Project("{FAE04EC0-301F-11D3-BF4B-00C04F79EFBC}") = "11.", "11\11..csproj", "{C769E81D-0479-4494-8A40-7A01D7A4F8A2}"
EndProject
Project("{FAE04EC0-301F-11D3-BF4B-00C04F79EFBC}") = "12.", "12\12..csproj", "{4A1413DA-A49B-48C9-806E-487D87F10650}"
EndProject
Global
	GlobalSection(SolutionConfigurationPlatforms) = preSolution
		Debug|Any CPU = Debug|Any CPU
		Release|Any CPU = Release|Any CPU
	EndGlobalSection
	GlobalSection(ProjectConfigurationPlatforms) = postSolution
		{36B23947-FDCA-4038-BE45-EE5141F99527}.Debug|Any CPU.ActiveCfg = Debug|Any CPU
		{36B23947-FDCA-4038-BE45-EE5141F99527}.Debug|Any CPU.Build.0 = Debug|Any CPU
		{36B23947-FDCA-4038-BE45-EE5141F99527}.Release|Any CPU.ActiveCfg = Release|Any CPU
		{36B23947-FDCA-4038-BE45-EE5141F99527}.Release|Any CPU.Build.0 = Release|Any CPU
		{3F8D5B2D-E138-47FF-95DF-CB6C7AB7953E}.Debug|Any CPU.ActiveCfg = Debug|Any CPU
		{3F8D5B2D-E138-47FF-95DF-CB6C7AB7953E}.Debug|Any CPU.Build.0 = Debug|Any CPU
		{3F8D5B2D-E138-47FF-95DF-CB6C7AB7953E}.Release|Any CPU.ActiveCfg = Release|Any CPU
		{3F8D5B2D-E138-47FF-95DF-CB6C7AB7953E}.Release|Any CPU.Build.0 = Release|Any CPU
		{59E4BBFE-0BC9-4BE0-8C8A-597378AF213C}.Debug|Any CPU.ActiveCfg = Debug|Any CPU
		{59E4BBFE-0BC9-4BE0-8C8A-597378AF213C}.Debug|Any CPU.Build.0 = Debug|Any CPU
		{59E4BBFE-0BC9-4BE0-8C8A-597378AF213C}.Release|Any CPU.ActiveCfg = Release|Any CPU
		{59E4BBFE-0BC9-4BE0-8C8A-597378AF213C}.Release|Any CPU.Build.0 = Release|Any CPU
		{D1A47ECE-C569-42F8-9E0E-AB1EDB746619}.Debug|Any CPU.ActiveCfg = Debug|Any CPU
		{D1A47ECE-C569-42F8-9E0E-AB1EDB746619}.Debug|Any CPU.Build.0 = Debug|Any CPU
		{D1A47ECE-C569-42F8-9E0E-AB1EDB746619}.Release|Any CPU.ActiveCfg = Release|Any CPU
		{D1A47ECE-C569-42F8-9E0E-AB1EDB746619}.Release|Any CPU.Build.0 = Release|Any CPU
		{63070C10-0752-49BC-9A1F-F9333CB432CF}.Debug|Any CPU.ActiveCfg = Debug|Any CPU
		{63070C10-0752-49BC-9A1F-F9333CB432CF}.Debug|Any CPU.Build.0 = Debug|Any CPU
		{63070C10-0752-49BC-9A1F-F9333CB432CF}.Release|Any CPU.ActiveCfg = Release|Any CPU
		{63070C10-0752-49BC-9A1F-F9333CB432CF}.Release|Any CPU.Build.0 = Release|Any CPU
		{424DB51B-CD9A-4BDD-81D2-3C05AEEC8A10}.Debug|Any CPU.ActiveCfg = Debug|Any CPU
		{424DB51B-CD9A-4BDD-81D2-3C05AEEC8A10}.Debug|Any CPU.Build.0 = Debug|Any CPU
		{424DB51B-CD9A-4BDD-81D2-3C05AEEC8A10}.Release|Any CPU.ActiveCfg = Release|Any CPU
		{424DB51B-CD9A-4BDD-81D2-3C05AEEC8A10}.Release|Any CPU.Build.0 = Release|Any CPU
		{A206F238-74FE-46B9-8DA9-C7A3F38C3537}.Debug|Any CPU.ActiveCfg = Debug|Any CPU
		{A206F238-74FE-46B9-8DA9-C7A3F38C3537}.Debug|Any CPU.Build.0 = Debug|Any CPU
		{A206F238-74FE-46B9-8DA9-C7A3F38C3537}.Release|Any CPU.ActiveCfg = Release|Any CPU
		{A206F238-74FE-46B9-8DA9-C7A3F38C3537}.Release|Any CPU.Build.0 = Release|Any CPU
		{AFB192E9-1E8C-4E2D-8329-1475ED1107F4}.Debug|Any CPU.ActiveCfg = Debug|Any CPU
		{AFB192E9-1E8C-4E2D-8329-1475ED1107F4}.Debug|Any CPU.Build.0 = Debug|Any CPU
		{AFB192E9-1E8C-4E2D-8329-1475ED1107F4}.Release|Any CPU.ActiveCfg = Release|Any CPU
		{AFB192E9-1E8C-4E2D-8329-1475ED1107F4}.Release|Any CPU.Build.0 = Release|Any CPU
		{DE6C33D6-D0BD-4667-8B20-D424007A63C3}.Debug|Any CPU.ActiveCfg = Debug|Any CPU
		{DE6C33D6-D0BD-4667-8B20-D424007A63C3}.Debug|Any CPU.Build.0 = Debug|Any CPU
		{DE6C33D6-D0BD-4667-8B20-D424007A63C3}.Release|Any CPU.ActiveCfg = Release|Any CPU
		{DE6C33D6-D0BD-4667-8B20-D424007A63C3}.Release|Any CPU.Build.0 = Release|Any CPU
		{D0CE8034-E148-4B37-AC8C-4886A93DFCB2}.Debug|Any CPU.ActiveCfg = Debug|Any CPU
		{D0CE8034-E148-4B37-AC8C-4886A93DFCB2}.Debug|Any CPU.Build.0 = Debug|Any CPU
		{D0CE8034-E148-4B37-AC8C-4886A93DFCB2}.Release|Any CPU.ActiveCfg = Release|Any CPU
		{D0CE8034-E148-4B37-AC8C-4886A93DFCB2}.Release|Any CPU.Build.0 = Release|Any CPU
		{C769E81D-0479-4494-8A40-7A01D7A4F8A2}.Debug|Any CPU.ActiveCfg = Debug|Any CPU
		{C769E81D-0479-4494-8A40-7A01D7A4F8A2}.Debug|Any CPU.Build.0 = Debug|Any CPU
		{C769E81D-0479-4494-8A40-7A01D7A4F8A2}.Release|Any CPU.ActiveCfg = Release|Any CPU
		{C769E81D-0479-4494-8A40-7A01D7A4F8A2}.Release|Any CPU.Build.0 = Release|Any CPU
		{4A1413DA-A49B-48C9-806E-487D87F10650}.Debug|Any CPU.ActiveCfg = Debug|Any CPU
		{4A1413DA-A49B-48C9-806E-487D87F10650}.Debug|Any CPU.Build.0 = Debug|Any CPU
		{4A1413DA-A49B-48C9-806E-487D87F10650}.Release|Any CPU.ActiveCfg = Release|Any CPU
		{4A1413DA-A49B-48C9-806E-487D87F10650}.Release|Any CPU.Build.0 = Release|Any CPU
	EndGlobalSection
	GlobalSection(SolutionProperties) = preSolution
		HideSolutionNode = FALSE
	EndGlobalSection
	GlobalSection(ExtensibilityGlobals) = postSolution
		SolutionGuid = {36F99C51-AF32-4C2B-A83D-DFDE70E7A210}
	EndGlobalSection
EndGlobal
