
Microsoft Visual Studio Solution File, Format Version 12.00
# Visual Studio Version 17
VisualStudioVersion = 17.4.33205.214
MinimumVisualStudioVersion = 10.0.40219.1
Project("{9A19103F-16F7-4668-BE54-9A1E7A4F7556}") = "01.DataTypeFinder", "06.DataTypesAndVariables-MoreExercise\01.DataTypeFinder.csproj", "{EF3DE4D3-C72F-4DD0-BC2B-BC0F466A45E8}"
EndProject
Project("{FAE04EC0-301F-11D3-BF4B-00C04F79EFBC}") = "02.FromLeftToTheRight", "02.FromLeftToTheRight\02.FromLeftToTheRight.csproj", "{72605221-3293-4511-B373-346796430E1C}"
EndProject
Global
	GlobalSection(SolutionConfigurationPlatforms) = preSolution
		Debug|Any CPU = Debug|Any CPU
		Release|Any CPU = Release|Any CPU
	EndGlobalSection
	GlobalSection(ProjectConfigurationPlatforms) = postSolution
		{EF3DE4D3-C72F-4DD0-BC2B-BC0F466A45E8}.Debug|Any CPU.ActiveCfg = Debug|Any CPU
		{EF3DE4D3-C72F-4DD0-BC2B-BC0F466A45E8}.Debug|Any CPU.Build.0 = Debug|Any CPU
		{EF3DE4D3-C72F-4DD0-BC2B-BC0F466A45E8}.Release|Any CPU.ActiveCfg = Release|Any CPU
		{EF3DE4D3-C72F-4DD0-BC2B-BC0F466A45E8}.Release|Any CPU.Build.0 = Release|Any CPU
		{72605221-3293-4511-B373-346796430E1C}.Debug|Any CPU.ActiveCfg = Debug|Any CPU
		{72605221-3293-4511-B373-346796430E1C}.Debug|Any CPU.Build.0 = Debug|Any CPU
		{72605221-3293-4511-B373-346796430E1C}.Release|Any CPU.ActiveCfg = Release|Any CPU
		{72605221-3293-4511-B373-346796430E1C}.Release|Any CPU.Build.0 = Release|Any CPU
	EndGlobalSection
	GlobalSection(SolutionProperties) = preSolution
		HideSolutionNode = FALSE
	EndGlobalSection
	GlobalSection(ExtensibilityGlobals) = postSolution
		SolutionGuid = {FDF7D948-56F8-4FD2-A780-8D083CD8DCBC}
	EndGlobalSection
EndGlobal
